
Microsoft Visual Studio Solution File, Format Version 12.00
# Visual Studio Version 16
VisualStudioVersion = 16.0.31112.23
MinimumVisualStudioVersion = 10.0.40219.1
Project("{FAE04EC0-301F-11D3-BF4B-00C04F79EFBC}") = "Mobius.ILasm.Runner", "Mobius.ILasm.Runner\Mobius.ILasm.Runner.csproj", "{131D59CB-E2A4-4554-9D79-EE95E4971036}"
EndProject
Project("{9A19103F-16F7-4668-BE54-9A1E7A4F7556}") = "Mobius.ILasm.Core.Runner", "Mobius.ILasm.Core.Runner\Mobius.ILasm.Core.Runner.csproj", "{FE0FAFC2-926E-47EC-B9D6-4E6DF4507B3A}"
EndProject
Project("{9A19103F-16F7-4668-BE54-9A1E7A4F7556}") = "Mobius.ILasm.Core.BenchmarkDotNet", "Mobius.ILasm.Core.BenchmarkDotNet\Mobius.ILasm.Core.BenchmarkDotNet.csproj", "{D17FC705-0457-4578-AA34-6710148EA243}"
EndProject
Project("{9A19103F-16F7-4668-BE54-9A1E7A4F7556}") = "Mobius.ILasm", "Mobius.ILasm\Mobius.ILasm.csproj", "{93DC6E05-D90F-444D-B6E2-887F7820E9FC}"
EndProject
Global
	GlobalSection(SolutionConfigurationPlatforms) = preSolution
		Debug|Any CPU = Debug|Any CPU
		Release|Any CPU = Release|Any CPU
	EndGlobalSection
	GlobalSection(ProjectConfigurationPlatforms) = postSolution
		{131D59CB-E2A4-4554-9D79-EE95E4971036}.Debug|Any CPU.ActiveCfg = Debug|Any CPU
		{131D59CB-E2A4-4554-9D79-EE95E4971036}.Debug|Any CPU.Build.0 = Debug|Any CPU
		{131D59CB-E2A4-4554-9D79-EE95E4971036}.Release|Any CPU.ActiveCfg = Release|Any CPU
		{131D59CB-E2A4-4554-9D79-EE95E4971036}.Release|Any CPU.Build.0 = Release|Any CPU
		{FE0FAFC2-926E-47EC-B9D6-4E6DF4507B3A}.Debug|Any CPU.ActiveCfg = Debug|Any CPU
		{FE0FAFC2-926E-47EC-B9D6-4E6DF4507B3A}.Debug|Any CPU.Build.0 = Debug|Any CPU
		{FE0FAFC2-926E-47EC-B9D6-4E6DF4507B3A}.Release|Any CPU.ActiveCfg = Release|Any CPU
		{FE0FAFC2-926E-47EC-B9D6-4E6DF4507B3A}.Release|Any CPU.Build.0 = Release|Any CPU
		{D17FC705-0457-4578-AA34-6710148EA243}.Debug|Any CPU.ActiveCfg = Debug|Any CPU
		{D17FC705-0457-4578-AA34-6710148EA243}.Debug|Any CPU.Build.0 = Debug|Any CPU
		{D17FC705-0457-4578-AA34-6710148EA243}.Release|Any CPU.ActiveCfg = Release|Any CPU
		{D17FC705-0457-4578-AA34-6710148EA243}.Release|Any CPU.Build.0 = Release|Any CPU
		{93DC6E05-D90F-444D-B6E2-887F7820E9FC}.Debug|Any CPU.ActiveCfg = Debug|Any CPU
		{93DC6E05-D90F-444D-B6E2-887F7820E9FC}.Debug|Any CPU.Build.0 = Debug|Any CPU
		{93DC6E05-D90F-444D-B6E2-887F7820E9FC}.Release|Any CPU.ActiveCfg = Release|Any CPU
		{93DC6E05-D90F-444D-B6E2-887F7820E9FC}.Release|Any CPU.Build.0 = Release|Any CPU
	EndGlobalSection
	GlobalSection(SolutionProperties) = preSolution
		HideSolutionNode = FALSE
	EndGlobalSection
	GlobalSection(ExtensibilityGlobals) = postSolution
		SolutionGuid = {D728F1BE-C2BD-4DBB-BC0A-018E72CE04E3}
	EndGlobalSection
EndGlobal
