
Microsoft Visual Studio Solution File, Format Version 12.00
# Visual Studio Version 16
VisualStudioVersion = 16.0.31112.23
MinimumVisualStudioVersion = 10.0.40219.1
Project("{9A19103F-16F7-4668-BE54-9A1E7A4F7556}") = "Mobius.ILasm.Core.Runner", "Mobius.ILasm.Core.Runner\Mobius.ILasm.Core.Runner.csproj", "{FE0FAFC2-926E-47EC-B9D6-4E6DF4507B3A}"
EndProject
Project("{9A19103F-16F7-4668-BE54-9A1E7A4F7556}") = "Mobius.ILasm.Core.BenchmarkDotNet", "Mobius.ILasm.Core.BenchmarkDotNet\Mobius.ILasm.Core.BenchmarkDotNet.csproj", "{D17FC705-0457-4578-AA34-6710148EA243}"
EndProject
Project("{9A19103F-16F7-4668-BE54-9A1E7A4F7556}") = "Mobius.ILasm", "Mobius.ILasm\Mobius.ILasm.csproj", "{93DC6E05-D90F-444D-B6E2-887F7820E9FC}"
EndProject
Project("{9A19103F-16F7-4668-BE54-9A1E7A4F7556}") = "Mobius.ILasm.Tests", "Mobius.ILasm.Tests\Mobius.ILasm.Tests.csproj", "{82227D4A-0D07-4621-BDC8-A508AADB7ABF}"
EndProject
Project("{9A19103F-16F7-4668-BE54-9A1E7A4F7556}") = "Mobius.ILasm.Tests.SourceGenerator", "Mobius.ILasm.Tests.SourceGenerator\Mobius.ILasm.Tests.SourceGenerator.csproj", "{A2DE7E7F-36EB-4B2A-85D8-5CB3507D707A}"
EndProject
Global
	GlobalSection(SolutionConfigurationPlatforms) = preSolution
		Debug|Any CPU = Debug|Any CPU
		Debug|x64 = Debug|x64
		Release|Any CPU = Release|Any CPU
		Release|x64 = Release|x64
	EndGlobalSection
	GlobalSection(ProjectConfigurationPlatforms) = postSolution
		{FE0FAFC2-926E-47EC-B9D6-4E6DF4507B3A}.Debug|Any CPU.ActiveCfg = Debug|x64
		{FE0FAFC2-926E-47EC-B9D6-4E6DF4507B3A}.Debug|Any CPU.Build.0 = Debug|x64
		{FE0FAFC2-926E-47EC-B9D6-4E6DF4507B3A}.Debug|x64.ActiveCfg = Debug|x64
		{FE0FAFC2-926E-47EC-B9D6-4E6DF4507B3A}.Debug|x64.Build.0 = Debug|x64
		{FE0FAFC2-926E-47EC-B9D6-4E6DF4507B3A}.Release|Any CPU.ActiveCfg = Release|Any CPU
		{FE0FAFC2-926E-47EC-B9D6-4E6DF4507B3A}.Release|Any CPU.Build.0 = Release|Any CPU
		{FE0FAFC2-926E-47EC-B9D6-4E6DF4507B3A}.Release|x64.ActiveCfg = Release|x64
		{FE0FAFC2-926E-47EC-B9D6-4E6DF4507B3A}.Release|x64.Build.0 = Release|x64
		{D17FC705-0457-4578-AA34-6710148EA243}.Debug|Any CPU.ActiveCfg = Debug|Any CPU
		{D17FC705-0457-4578-AA34-6710148EA243}.Debug|Any CPU.Build.0 = Debug|Any CPU
		{D17FC705-0457-4578-AA34-6710148EA243}.Debug|x64.ActiveCfg = Debug|x64
		{D17FC705-0457-4578-AA34-6710148EA243}.Debug|x64.Build.0 = Debug|x64
		{D17FC705-0457-4578-AA34-6710148EA243}.Release|Any CPU.ActiveCfg = Release|Any CPU
		{D17FC705-0457-4578-AA34-6710148EA243}.Release|Any CPU.Build.0 = Release|Any CPU
		{D17FC705-0457-4578-AA34-6710148EA243}.Release|x64.ActiveCfg = Release|x64
		{D17FC705-0457-4578-AA34-6710148EA243}.Release|x64.Build.0 = Release|x64
		{93DC6E05-D90F-444D-B6E2-887F7820E9FC}.Debug|Any CPU.ActiveCfg = Debug|Any CPU
		{93DC6E05-D90F-444D-B6E2-887F7820E9FC}.Debug|Any CPU.Build.0 = Debug|Any CPU
		{93DC6E05-D90F-444D-B6E2-887F7820E9FC}.Debug|x64.ActiveCfg = Debug|Any CPU
		{93DC6E05-D90F-444D-B6E2-887F7820E9FC}.Debug|x64.Build.0 = Debug|Any CPU
		{93DC6E05-D90F-444D-B6E2-887F7820E9FC}.Release|Any CPU.ActiveCfg = Release|Any CPU
		{93DC6E05-D90F-444D-B6E2-887F7820E9FC}.Release|Any CPU.Build.0 = Release|Any CPU
		{93DC6E05-D90F-444D-B6E2-887F7820E9FC}.Release|x64.ActiveCfg = Release|x64
		{93DC6E05-D90F-444D-B6E2-887F7820E9FC}.Release|x64.Build.0 = Release|x64
		{82227D4A-0D07-4621-BDC8-A508AADB7ABF}.Debug|Any CPU.ActiveCfg = Debug|Any CPU
		{82227D4A-0D07-4621-BDC8-A508AADB7ABF}.Debug|Any CPU.Build.0 = Debug|Any CPU
		{82227D4A-0D07-4621-BDC8-A508AADB7ABF}.Debug|x64.ActiveCfg = Debug|Any CPU
		{82227D4A-0D07-4621-BDC8-A508AADB7ABF}.Debug|x64.Build.0 = Debug|Any CPU
		{82227D4A-0D07-4621-BDC8-A508AADB7ABF}.Release|Any CPU.ActiveCfg = Release|Any CPU
		{82227D4A-0D07-4621-BDC8-A508AADB7ABF}.Release|Any CPU.Build.0 = Release|Any CPU
		{82227D4A-0D07-4621-BDC8-A508AADB7ABF}.Release|x64.ActiveCfg = Release|Any CPU
		{82227D4A-0D07-4621-BDC8-A508AADB7ABF}.Release|x64.Build.0 = Release|Any CPU
		{A2DE7E7F-36EB-4B2A-85D8-5CB3507D707A}.Debug|Any CPU.ActiveCfg = Debug|Any CPU
		{A2DE7E7F-36EB-4B2A-85D8-5CB3507D707A}.Debug|Any CPU.Build.0 = Debug|Any CPU
		{A2DE7E7F-36EB-4B2A-85D8-5CB3507D707A}.Debug|x64.ActiveCfg = Debug|Any CPU
		{A2DE7E7F-36EB-4B2A-85D8-5CB3507D707A}.Debug|x64.Build.0 = Debug|Any CPU
		{A2DE7E7F-36EB-4B2A-85D8-5CB3507D707A}.Release|Any CPU.ActiveCfg = Release|Any CPU
		{A2DE7E7F-36EB-4B2A-85D8-5CB3507D707A}.Release|Any CPU.Build.0 = Release|Any CPU
		{A2DE7E7F-36EB-4B2A-85D8-5CB3507D707A}.Release|x64.ActiveCfg = Release|Any CPU
		{A2DE7E7F-36EB-4B2A-85D8-5CB3507D707A}.Release|x64.Build.0 = Release|Any CPU
	EndGlobalSection
	GlobalSection(SolutionProperties) = preSolution
		HideSolutionNode = FALSE
	EndGlobalSection
	GlobalSection(ExtensibilityGlobals) = postSolution
		SolutionGuid = {D728F1BE-C2BD-4DBB-BC0A-018E72CE04E3}
	EndGlobalSection
EndGlobal
